// !$*UTF8*$!
{
	archiveVersion = 1;
	classes = {
	};
	objectVersion = 46;
	objects = {

/* Begin PBXBuildFile section */
		AE93356D1F43A2E1009BE35D /* AppDelegate.swift in Sources */ = {isa = PBXBuildFile; fileRef = AE93356C1F43A2E1009BE35D /* AppDelegate.swift */; };
		AE93356F1F43A2E1009BE35D /* ViewController.swift in Sources */ = {isa = PBXBuildFile; fileRef = AE93356E1F43A2E1009BE35D /* ViewController.swift */; };
		AE9335721F43A2E1009BE35D /* Main.storyboard in Resources */ = {isa = PBXBuildFile; fileRef = AE9335701F43A2E1009BE35D /* Main.storyboard */; };
		AE9335741F43A2E1009BE35D /* Assets.xcassets in Resources */ = {isa = PBXBuildFile; fileRef = AE9335731F43A2E1009BE35D /* Assets.xcassets */; };
		AE9335771F43A2E1009BE35D /* LaunchScreen.storyboard in Resources */ = {isa = PBXBuildFile; fileRef = AE9335751F43A2E1009BE35D /* LaunchScreen.storyboard */; };
		AE9335821F43A2E1009BE35D /* Tip_CalculatorTests.swift in Sources */ = {isa = PBXBuildFile; fileRef = AE9335811F43A2E1009BE35D /* Tip_CalculatorTests.swift */; };
		AE93358D1F43A2E1009BE35D /* Tip_CalculatorUITests.swift in Sources */ = {isa = PBXBuildFile; fileRef = AE93358C1F43A2E1009BE35D /* Tip_CalculatorUITests.swift */; };
/* End PBXBuildFile section */

/* Begin PBXContainerItemProxy section */
		AE93357E1F43A2E1009BE35D /* PBXContainerItemProxy */ = {
			isa = PBXContainerItemProxy;
			containerPortal = AE9335611F43A2E1009BE35D /* Project object */;
			proxyType = 1;
			remoteGlobalIDString = AE9335681F43A2E1009BE35D;
			remoteInfo = "Tip Calculator";
		};
		AE9335891F43A2E1009BE35D /* PBXContainerItemProxy */ = {
			isa = PBXContainerItemProxy;
			containerPortal = AE9335611F43A2E1009BE35D /* Project object */;
			proxyType = 1;
			remoteGlobalIDString = AE9335681F43A2E1009BE35D;
			remoteInfo = "Tip Calculator";
		};
/* End PBXContainerItemProxy section */

/* Begin PBXFileReference section */
		AE9335691F43A2E1009BE35D /* Tip Calculator.app */ = {isa = PBXFileReference; explicitFileType = wrapper.application; includeInIndex = 0; path = "Tip Calculator.app"; sourceTree = BUILT_PRODUCTS_DIR; };
		AE93356C1F43A2E1009BE35D /* AppDelegate.swift */ = {isa = PBXFileReference; lastKnownFileType = sourcecode.swift; path = AppDelegate.swift; sourceTree = "<group>"; };
		AE93356E1F43A2E1009BE35D /* ViewController.swift */ = {isa = PBXFileReference; lastKnownFileType = sourcecode.swift; path = ViewController.swift; sourceTree = "<group>"; };
		AE9335711F43A2E1009BE35D /* Base */ = {isa = PBXFileReference; lastKnownFileType = file.storyboard; name = Base; path = Base.lproj/Main.storyboard; sourceTree = "<group>"; };
		AE9335731F43A2E1009BE35D /* Assets.xcassets */ = {isa = PBXFileReference; lastKnownFileType = folder.assetcatalog; path = Assets.xcassets; sourceTree = "<group>"; };
		AE9335761F43A2E1009BE35D /* Base */ = {isa = PBXFileReference; lastKnownFileType = file.storyboard; name = Base; path = Base.lproj/LaunchScreen.storyboard; sourceTree = "<group>"; };
		AE9335781F43A2E1009BE35D /* Info.plist */ = {isa = PBXFileReference; lastKnownFileType = text.plist.xml; path = Info.plist; sourceTree = "<group>"; };
		AE93357D1F43A2E1009BE35D /* Tip CalculatorTests.xctest */ = {isa = PBXFileReference; explicitFileType = wrapper.cfbundle; includeInIndex = 0; path = "Tip CalculatorTests.xctest"; sourceTree = BUILT_PRODUCTS_DIR; };
		AE9335811F43A2E1009BE35D /* Tip_CalculatorTests.swift */ = {isa = PBXFileReference; lastKnownFileType = sourcecode.swift; path = Tip_CalculatorTests.swift; sourceTree = "<group>"; };
		AE9335831F43A2E1009BE35D /* Info.plist */ = {isa = PBXFileReference; lastKnownFileType = text.plist.xml; path = Info.plist; sourceTree = "<group>"; };
		AE9335881F43A2E1009BE35D /* Tip CalculatorUITests.xctest */ = {isa = PBXFileReference; explicitFileType = wrapper.cfbundle; includeInIndex = 0; path = "Tip CalculatorUITests.xctest"; sourceTree = BUILT_PRODUCTS_DIR; };
		AE93358C1F43A2E1009BE35D /* Tip_CalculatorUITests.swift */ = {isa = PBXFileReference; lastKnownFileType = sourcecode.swift; path = Tip_CalculatorUITests.swift; sourceTree = "<group>"; };
		AE93358E1F43A2E1009BE35D /* Info.plist */ = {isa = PBXFileReference; lastKnownFileType = text.plist.xml; path = Info.plist; sourceTree = "<group>"; };
/* End PBXFileReference section */

/* Begin PBXFrameworksBuildPhase section */
		AE9335661F43A2E1009BE35D /* Frameworks */ = {
			isa = PBXFrameworksBuildPhase;
			buildActionMask = 2147483647;
			files = (
			);
			runOnlyForDeploymentPostprocessing = 0;
		};
		AE93357A1F43A2E1009BE35D /* Frameworks */ = {
			isa = PBXFrameworksBuildPhase;
			buildActionMask = 2147483647;
			files = (
			);
			runOnlyForDeploymentPostprocessing = 0;
		};
		AE9335851F43A2E1009BE35D /* Frameworks */ = {
			isa = PBXFrameworksBuildPhase;
			buildActionMask = 2147483647;
			files = (
			);
			runOnlyForDeploymentPostprocessing = 0;
		};
/* End PBXFrameworksBuildPhase section */

/* Begin PBXGroup section */
		AE9335601F43A2E1009BE35D = {
			isa = PBXGroup;
			children = (
				AE93356B1F43A2E1009BE35D /* Tip Calculator */,
				AE9335801F43A2E1009BE35D /* Tip CalculatorTests */,
				AE93358B1F43A2E1009BE35D /* Tip CalculatorUITests */,
				AE93356A1F43A2E1009BE35D /* Products */,
			);
			sourceTree = "<group>";
		};
		AE93356A1F43A2E1009BE35D /* Products */ = {
			isa = PBXGroup;
			children = (
				AE9335691F43A2E1009BE35D /* Tip Calculator.app */,
				AE93357D1F43A2E1009BE35D /* Tip CalculatorTests.xctest */,
				AE9335881F43A2E1009BE35D /* Tip CalculatorUITests.xctest */,
			);
			name = Products;
			sourceTree = "<group>";
		};
		AE93356B1F43A2E1009BE35D /* Tip Calculator */ = {
			isa = PBXGroup;
			children = (
				AE93356C1F43A2E1009BE35D /* AppDelegate.swift */,
				AE93356E1F43A2E1009BE35D /* ViewController.swift */,
				AE9335701F43A2E1009BE35D /* Main.storyboard */,
				AE9335731F43A2E1009BE35D /* Assets.xcassets */,
				AE9335751F43A2E1009BE35D /* LaunchScreen.storyboard */,
				AE9335781F43A2E1009BE35D /* Info.plist */,
			);
			path = "Tip Calculator";
			sourceTree = "<group>";
		};
		AE9335801F43A2E1009BE35D /* Tip CalculatorTests */ = {
			isa = PBXGroup;
			children = (
				AE9335811F43A2E1009BE35D /* Tip_CalculatorTests.swift */,
				AE9335831F43A2E1009BE35D /* Info.plist */,
			);
			path = "Tip CalculatorTests";
			sourceTree = "<group>";
		};
		AE93358B1F43A2E1009BE35D /* Tip CalculatorUITests */ = {
			isa = PBXGroup;
			children = (
				AE93358C1F43A2E1009BE35D /* Tip_CalculatorUITests.swift */,
				AE93358E1F43A2E1009BE35D /* Info.plist */,
			);
			path = "Tip CalculatorUITests";
			sourceTree = "<group>";
		};
/* End PBXGroup section */

/* Begin PBXNativeTarget section */
		AE9335681F43A2E1009BE35D /* Tip Calculator */ = {
			isa = PBXNativeTarget;
			buildConfigurationList = AE9335911F43A2E1009BE35D /* Build configuration list for PBXNativeTarget "Tip Calculator" */;
			buildPhases = (
				AE9335651F43A2E1009BE35D /* Sources */,
				AE9335661F43A2E1009BE35D /* Frameworks */,
				AE9335671F43A2E1009BE35D /* Resources */,
			);
			buildRules = (
			);
			dependencies = (
			);
			name = "Tip Calculator";
			productName = "Tip Calculator";
			productReference = AE9335691F43A2E1009BE35D /* Tip Calculator.app */;
			productType = "com.apple.product-type.application";
		};
		AE93357C1F43A2E1009BE35D /* Tip CalculatorTests */ = {
			isa = PBXNativeTarget;
			buildConfigurationList = AE9335941F43A2E1009BE35D /* Build configuration list for PBXNativeTarget "Tip CalculatorTests" */;
			buildPhases = (
				AE9335791F43A2E1009BE35D /* Sources */,
				AE93357A1F43A2E1009BE35D /* Frameworks */,
				AE93357B1F43A2E1009BE35D /* Resources */,
			);
			buildRules = (
			);
			dependencies = (
				AE93357F1F43A2E1009BE35D /* PBXTargetDependency */,
			);
			name = "Tip CalculatorTests";
			productName = "Tip CalculatorTests";
			productReference = AE93357D1F43A2E1009BE35D /* Tip CalculatorTests.xctest */;
			productType = "com.apple.product-type.bundle.unit-test";
		};
		AE9335871F43A2E1009BE35D /* Tip CalculatorUITests */ = {
			isa = PBXNativeTarget;
			buildConfigurationList = AE9335971F43A2E1009BE35D /* Build configuration list for PBXNativeTarget "Tip CalculatorUITests" */;
			buildPhases = (
				AE9335841F43A2E1009BE35D /* Sources */,
				AE9335851F43A2E1009BE35D /* Frameworks */,
				AE9335861F43A2E1009BE35D /* Resources */,
			);
			buildRules = (
			);
			dependencies = (
				AE93358A1F43A2E1009BE35D /* PBXTargetDependency */,
			);
			name = "Tip CalculatorUITests";
			productName = "Tip CalculatorUITests";
			productReference = AE9335881F43A2E1009BE35D /* Tip CalculatorUITests.xctest */;
			productType = "com.apple.product-type.bundle.ui-testing";
		};
/* End PBXNativeTarget section */

/* Begin PBXProject section */
		AE9335611F43A2E1009BE35D /* Project object */ = {
			isa = PBXProject;
			attributes = {
				LastSwiftUpdateCheck = 0830;
				LastUpgradeCheck = 0830;
				ORGANIZATIONNAME = XiaoguangMo;
				TargetAttributes = {
					AE9335681F43A2E1009BE35D = {
						CreatedOnToolsVersion = 8.3.3;
						ProvisioningStyle = Automatic;
					};
					AE93357C1F43A2E1009BE35D = {
						CreatedOnToolsVersion = 8.3.3;
						ProvisioningStyle = Automatic;
						TestTargetID = AE9335681F43A2E1009BE35D;
					};
					AE9335871F43A2E1009BE35D = {
						CreatedOnToolsVersion = 8.3.3;
						ProvisioningStyle = Automatic;
						TestTargetID = AE9335681F43A2E1009BE35D;
					};
				};
			};
			buildConfigurationList = AE9335641F43A2E1009BE35D /* Build configuration list for PBXProject "Tip Calculator" */;
			compatibilityVersion = "Xcode 3.2";
			developmentRegion = English;
			hasScannedForEncodings = 0;
			knownRegions = (
				en,
				Base,
			);
			mainGroup = AE9335601F43A2E1009BE35D;
			productRefGroup = AE93356A1F43A2E1009BE35D /* Products */;
			projectDirPath = "";
			projectRoot = "";
			targets = (
				AE9335681F43A2E1009BE35D /* Tip Calculator */,
				AE93357C1F43A2E1009BE35D /* Tip CalculatorTests */,
				AE9335871F43A2E1009BE35D /* Tip CalculatorUITests */,
			);
		};
/* End PBXProject section */

/* Begin PBXResourcesBuildPhase section */
		AE9335671F43A2E1009BE35D /* Resources */ = {
			isa = PBXResourcesBuildPhase;
			buildActionMask = 2147483647;
			files = (
				AE9335771F43A2E1009BE35D /* LaunchScreen.storyboard in Resources */,
				AE9335741F43A2E1009BE35D /* Assets.xcassets in Resources */,
				AE9335721F43A2E1009BE35D /* Main.storyboard in Resources */,
			);
			runOnlyForDeploymentPostprocessing = 0;
		};
		AE93357B1F43A2E1009BE35D /* Resources */ = {
			isa = PBXResourcesBuildPhase;
			buildActionMask = 2147483647;
			files = (
			);
			runOnlyForDeploymentPostprocessing = 0;
		};
		AE9335861F43A2E1009BE35D /* Resources */ = {
			isa = PBXResourcesBuildPhase;
			buildActionMask = 2147483647;
			files = (
			);
			runOnlyForDeploymentPostprocessing = 0;
		};
/* End PBXResourcesBuildPhase section */

/* Begin PBXSourcesBuildPhase section */
		AE9335651F43A2E1009BE35D /* Sources */ = {
			isa = PBXSourcesBuildPhase;
			buildActionMask = 2147483647;
			files = (
				AE93356F1F43A2E1009BE35D /* ViewController.swift in Sources */,
				AE93356D1F43A2E1009BE35D /* AppDelegate.swift in Sources */,
			);
			runOnlyForDeploymentPostprocessing = 0;
		};
		AE9335791F43A2E1009BE35D /* Sources */ = {
			isa = PBXSourcesBuildPhase;
			buildActionMask = 2147483647;
			files = (
				AE9335821F43A2E1009BE35D /* Tip_CalculatorTests.swift in Sources */,
			);
			runOnlyForDeploymentPostprocessing = 0;
		};
		AE9335841F43A2E1009BE35D /* Sources */ = {
			isa = PBXSourcesBuildPhase;
			buildActionMask = 2147483647;
			files = (
				AE93358D1F43A2E1009BE35D /* Tip_CalculatorUITests.swift in Sources */,
			);
			runOnlyForDeploymentPostprocessing = 0;
		};
/* End PBXSourcesBuildPhase section */

/* Begin PBXTargetDependency section */
		AE93357F1F43A2E1009BE35D /* PBXTargetDependency */ = {
			isa = PBXTargetDependency;
			target = AE9335681F43A2E1009BE35D /* Tip Calculator */;
			targetProxy = AE93357E1F43A2E1009BE35D /* PBXContainerItemProxy */;
		};
		AE93358A1F43A2E1009BE35D /* PBXTargetDependency */ = {
			isa = PBXTargetDependency;
			target = AE9335681F43A2E1009BE35D /* Tip Calculator */;
			targetProxy = AE9335891F43A2E1009BE35D /* PBXContainerItemProxy */;
		};
/* End PBXTargetDependency section */

/* Begin PBXVariantGroup section */
		AE9335701F43A2E1009BE35D /* Main.storyboard */ = {
			isa = PBXVariantGroup;
			children = (
				AE9335711F43A2E1009BE35D /* Base */,
			);
			name = Main.storyboard;
			sourceTree = "<group>";
		};
		AE9335751F43A2E1009BE35D /* LaunchScreen.storyboard */ = {
			isa = PBXVariantGroup;
			children = (
				AE9335761F43A2E1009BE35D /* Base */,
			);
			name = LaunchScreen.storyboard;
			sourceTree = "<group>";
		};
/* End PBXVariantGroup section */

/* Begin XCBuildConfiguration section */
		AE93358F1F43A2E1009BE35D /* Debug */ = {
			isa = XCBuildConfiguration;
			buildSettings = {
				ALWAYS_SEARCH_USER_PATHS = NO;
				CLANG_ANALYZER_NONNULL = YES;
				CLANG_ANALYZER_NUMBER_OBJECT_CONVERSION = YES_AGGRESSIVE;
				CLANG_CXX_LANGUAGE_STANDARD = "gnu++0x";
				CLANG_CXX_LIBRARY = "libc++";
				CLANG_ENABLE_MODULES = YES;
				CLANG_ENABLE_OBJC_ARC = YES;
				CLANG_WARN_BOOL_CONVERSION = YES;
				CLANG_WARN_CONSTANT_CONVERSION = YES;
				CLANG_WARN_DIRECT_OBJC_ISA_USAGE = YES_ERROR;
				CLANG_WARN_DOCUMENTATION_COMMENTS = YES;
				CLANG_WARN_EMPTY_BODY = YES;
				CLANG_WARN_ENUM_CONVERSION = YES;
				CLANG_WARN_INFINITE_RECURSION = YES;
				CLANG_WARN_INT_CONVERSION = YES;
				CLANG_WARN_OBJC_ROOT_CLASS = YES_ERROR;
				CLANG_WARN_SUSPICIOUS_MOVE = YES;
				CLANG_WARN_UNREACHABLE_CODE = YES;
				CLANG_WARN__DUPLICATE_METHOD_MATCH = YES;
				"CODE_SIGN_IDENTITY[sdk=iphoneos*]" = "iPhone Developer";
				COPY_PHASE_STRIP = NO;
				DEBUG_INFORMATION_FORMAT = dwarf;
				ENABLE_STRICT_OBJC_MSGSEND = YES;
				ENABLE_TESTABILITY = YES;
				GCC_C_LANGUAGE_STANDARD = gnu99;
				GCC_DYNAMIC_NO_PIC = NO;
				GCC_NO_COMMON_BLOCKS = YES;
				GCC_OPTIMIZATION_LEVEL = 0;
				GCC_PREPROCESSOR_DEFINITIONS = (
					"DEBUG=1",
					"$(inherited)",
				);
				GCC_WARN_64_TO_32_BIT_CONVERSION = YES;
				GCC_WARN_ABOUT_RETURN_TYPE = YES_ERROR;
				GCC_WARN_UNDECLARED_SELECTOR = YES;
				GCC_WARN_UNINITIALIZED_AUTOS = YES_AGGRESSIVE;
				GCC_WARN_UNUSED_FUNCTION = YES;
				GCC_WARN_UNUSED_VARIABLE = YES;
				IPHONEOS_DEPLOYMENT_TARGET = 10.3;
				MTL_ENABLE_DEBUG_INFO = YES;
				ONLY_ACTIVE_ARCH = YES;
				SDKROOT = iphoneos;
				SWIFT_ACTIVE_COMPILATION_CONDITIONS = DEBUG;
				SWIFT_OPTIMIZATION_LEVEL = "-Onone";
				TARGETED_DEVICE_FAMILY = "1,2";
			};
			name = Debug;
		};
		AE9335901F43A2E1009BE35D /* Release */ = {
			isa = XCBuildConfiguration;
			buildSettings = {
				ALWAYS_SEARCH_USER_PATHS = NO;
				CLANG_ANALYZER_NONNULL = YES;
				CLANG_ANALYZER_NUMBER_OBJECT_CONVERSION = YES_AGGRESSIVE;
				CLANG_CXX_LANGUAGE_STANDARD = "gnu++0x";
				CLANG_CXX_LIBRARY = "libc++";
				CLANG_ENABLE_MODULES = YES;
				CLANG_ENABLE_OBJC_ARC = YES;
				CLANG_WARN_BOOL_CONVERSION = YES;
				CLANG_WARN_CONSTANT_CONVERSION = YES;
				CLANG_WARN_DIRECT_OBJC_ISA_USAGE = YES_ERROR;
				CLANG_WARN_DOCUMENTATION_COMMENTS = YES;
				CLANG_WARN_EMPTY_BODY = YES;
				CLANG_WARN_ENUM_CONVERSION = YES;
				CLANG_WARN_INFINITE_RECURSION = YES;
				CLANG_WARN_INT_CONVERSION = YES;
				CLANG_WARN_OBJC_ROOT_CLASS = YES_ERROR;
				CLANG_WARN_SUSPICIOUS_MOVE = YES;
				CLANG_WARN_UNREACHABLE_CODE = YES;
				CLANG_WARN__DUPLICATE_METHOD_MATCH = YES;
				"CODE_SIGN_IDENTITY[sdk=iphoneos*]" = "iPhone Developer";
				COPY_PHASE_STRIP = NO;
				DEBUG_INFORMATION_FORMAT = "dwarf-with-dsym";
				ENABLE_NS_ASSERTIONS = NO;
				ENABLE_STRICT_OBJC_MSGSEND = YES;
				GCC_C_LANGUAGE_STANDARD = gnu99;
				GCC_NO_COMMON_BLOCKS = YES;
				GCC_WARN_64_TO_32_BIT_CONVERSION = YES;
				GCC_WARN_ABOUT_RETURN_TYPE = YES_ERROR;
				GCC_WARN_UNDECLARED_SELECTOR = YES;
				GCC_WARN_UNINITIALIZED_AUTOS = YES_AGGRESSIVE;
				GCC_WARN_UNUSED_FUNCTION = YES;
				GCC_WARN_UNUSED_VARIABLE = YES;
				IPHONEOS_DEPLOYMENT_TARGET = 10.3;
				MTL_ENABLE_DEBUG_INFO = NO;
				SDKROOT = iphoneos;
				SWIFT_OPTIMIZATION_LEVEL = "-Owholemodule";
				TARGETED_DEVICE_FAMILY = "1,2";
				VALIDATE_PRODUCT = YES;
			};
			name = Release;
		};
		AE9335921F43A2E1009BE35D /* Debug */ = {
			isa = XCBuildConfiguration;
			buildSettings = {
				ASSETCATALOG_COMPILER_APPICON_NAME = AppIcon;
				INFOPLIST_FILE = "Tip Calculator/Info.plist";
				LD_RUNPATH_SEARCH_PATHS = "$(inherited) @executable_path/Frameworks";
				PRODUCT_BUNDLE_IDENTIFIER = "xiaoguangmo.Tip-Calculator";
				PRODUCT_NAME = "$(TARGET_NAME)";
				SWIFT_VERSION = 3.0;
			};
			name = Debug;
		};
		AE9335931F43A2E1009BE35D /* Release */ = {
			isa = XCBuildConfiguration;
			buildSettings = {
				ASSETCATALOG_COMPILER_APPICON_NAME = AppIcon;
				INFOPLIST_FILE = "Tip Calculator/Info.plist";
				LD_RUNPATH_SEARCH_PATHS = "$(inherited) @executable_path/Frameworks";
				PRODUCT_BUNDLE_IDENTIFIER = "xiaoguangmo.Tip-Calculator";
				PRODUCT_NAME = "$(TARGET_NAME)";
				SWIFT_VERSION = 3.0;
			};
			name = Release;
		};
		AE9335951F43A2E1009BE35D /* Debug */ = {
			isa = XCBuildConfiguration;
			buildSettings = {
				ALWAYS_EMBED_SWIFT_STANDARD_LIBRARIES = YES;
				BUNDLE_LOADER = "$(TEST_HOST)";
				INFOPLIST_FILE = "Tip CalculatorTests/Info.plist";
				LD_RUNPATH_SEARCH_PATHS = "$(inherited) @executable_path/Frameworks @loader_path/Frameworks";
				PRODUCT_BUNDLE_IDENTIFIER = "xiaoguangmo.Tip-CalculatorTests";
				PRODUCT_NAME = "$(TARGET_NAME)";
				SWIFT_VERSION = 3.0;
				TEST_HOST = "$(BUILT_PRODUCTS_DIR)/Tip Calculator.app/Tip Calculator";
			};
			name = Debug;
		};
		AE9335961F43A2E1009BE35D /* Release */ = {
			isa = XCBuildConfiguration;
			buildSettings = {
				ALWAYS_EMBED_SWIFT_STANDARD_LIBRARIES = YES;
				BUNDLE_LOADER = "$(TEST_HOST)";
				INFOPLIST_FILE = "Tip CalculatorTests/Info.plist";
				LD_RUNPATH_SEARCH_PATHS = "$(inherited) @executable_path/Frameworks @loader_path/Frameworks";
				PRODUCT_BUNDLE_IDENTIFIER = "xiaoguangmo.Tip-CalculatorTests";
				PRODUCT_NAME = "$(TARGET_NAME)";
				SWIFT_VERSION = 3.0;
				TEST_HOST = "$(BUILT_PRODUCTS_DIR)/Tip Calculator.app/Tip Calculator";
			};
			name = Release;
		};
		AE9335981F43A2E1009BE35D /* Debug */ = {
			isa = XCBuildConfiguration;
			buildSettings = {
				ALWAYS_EMBED_SWIFT_STANDARD_LIBRARIES = YES;
				INFOPLIST_FILE = "Tip CalculatorUITests/Info.plist";
				LD_RUNPATH_SEARCH_PATHS = "$(inherited) @executable_path/Frameworks @loader_path/Frameworks";
				PRODUCT_BUNDLE_IDENTIFIER = "xiaoguangmo.Tip-CalculatorUITests";
				PRODUCT_NAME = "$(TARGET_NAME)";
				SWIFT_VERSION = 3.0;
				TEST_TARGET_NAME = "Tip Calculator";
			};
			name = Debug;
		};
		AE9335991F43A2E1009BE35D /* Release */ = {
			isa = XCBuildConfiguration;
			buildSettings = {
				ALWAYS_EMBED_SWIFT_STANDARD_LIBRARIES = YES;
				INFOPLIST_FILE = "Tip CalculatorUITests/Info.plist";
				LD_RUNPATH_SEARCH_PATHS = "$(inherited) @executable_path/Frameworks @loader_path/Frameworks";
				PRODUCT_BUNDLE_IDENTIFIER = "xiaoguangmo.Tip-CalculatorUITests";
				PRODUCT_NAME = "$(TARGET_NAME)";
				SWIFT_VERSION = 3.0;
				TEST_TARGET_NAME = "Tip Calculator";
			};
			name = Release;
		};
/* End XCBuildConfiguration section */

/* Begin XCConfigurationList section */
		AE9335641F43A2E1009BE35D /* Build configuration list for PBXProject "Tip Calculator" */ = {
			isa = XCConfigurationList;
			buildConfigurations = (
				AE93358F1F43A2E1009BE35D /* Debug */,
				AE9335901F43A2E1009BE35D /* Release */,
			);
			defaultConfigurationIsVisible = 0;
			defaultConfigurationName = Release;
		};
		AE9335911F43A2E1009BE35D /* Build configuration list for PBXNativeTarget "Tip Calculator" */ = {
			isa = XCConfigurationList;
			buildConfigurations = (
				AE9335921F43A2E1009BE35D /* Debug */,
				AE9335931F43A2E1009BE35D /* Release */,
			);
			defaultConfigurationIsVisible = 0;
		};
		AE9335941F43A2E1009BE35D /* Build configuration list for PBXNativeTarget "Tip CalculatorTests" */ = {
			isa = XCConfigurationList;
			buildConfigurations = (
				AE9335951F43A2E1009BE35D /* Debug */,
				AE9335961F43A2E1009BE35D /* Release */,
			);
			defaultConfigurationIsVisible = 0;
		};
		AE9335971F43A2E1009BE35D /* Build configuration list for PBXNativeTarget "Tip CalculatorUITests" */ = {
			isa = XCConfigurationList;
			buildConfigurations = (
				AE9335981F43A2E1009BE35D /* Debug */,
				AE9335991F43A2E1009BE35D /* Release */,
			);
			defaultConfigurationIsVisible = 0;
		};
/* End XCConfigurationList section */
	};
	rootObject = AE9335611F43A2E1009BE35D /* Project object */;
}
